
Microsoft Visual Studio Solution File, Format Version 12.00
# Visual Studio Version 17
VisualStudioVersion = 17.9.34728.123
MinimumVisualStudioVersion = 10.0.40219.1
Project("{FAE04EC0-301F-11D3-BF4B-00C04F79EFBC}") = "Finansy2.0", "Finansy2.0\Finansy2.0.csproj", "{EB2AF8DF-D63B-46B1-B2C1-B26882B112A6}"
EndProject
Global
	GlobalSection(SolutionConfigurationPlatforms) = preSolution
		Debug|Any CPU = Debug|Any CPU
		Release|Any CPU = Release|Any CPU
	EndGlobalSection
	GlobalSection(ProjectConfigurationPlatforms) = postSolution
		{EB2AF8DF-D63B-46B1-B2C1-B26882B112A6}.Debug|Any CPU.ActiveCfg = Debug|Any CPU
		{EB2AF8DF-D63B-46B1-B2C1-B26882B112A6}.Debug|Any CPU.Build.0 = Debug|Any CPU
		{EB2AF8DF-D63B-46B1-B2C1-B26882B112A6}.Release|Any CPU.ActiveCfg = Release|Any CPU
		{EB2AF8DF-D63B-46B1-B2C1-B26882B112A6}.Release|Any CPU.Build.0 = Release|Any CPU
	EndGlobalSection
	GlobalSection(SolutionProperties) = preSolution
		HideSolutionNode = FALSE
	EndGlobalSection
	GlobalSection(ExtensibilityGlobals) = postSolution
		SolutionGuid = {D00C34FF-C2CA-4FBC-AE61-4419445A821C}
	EndGlobalSection
EndGlobal
